
Microsoft Visual Studio Solution File, Format Version 12.00
# Visual Studio Version 17
VisualStudioVersion = 17.9.34728.123
MinimumVisualStudioVersion = 10.0.40219.1
Project("{FAE04EC0-301F-11D3-BF4B-00C04F79EFBC}") = "chatGptIntegration.Server", "chatGptIntegration.Server\chatGptIntegration.Server.csproj", "{7F6AC9D0-B049-4B81-AB72-E79E0AE29405}"
EndProject
Project("{54A90642-561A-4BB1-A94E-469ADEE60C69}") = "chatgptintegration.client", "chatgptintegration.client\chatgptintegration.client.esproj", "{DDB529F1-7C9F-411A-A9AD-FD9E14D0CE68}"
EndProject
Global
	GlobalSection(SolutionConfigurationPlatforms) = preSolution
		Debug|Any CPU = Debug|Any CPU
		Release|Any CPU = Release|Any CPU
	EndGlobalSection
	GlobalSection(ProjectConfigurationPlatforms) = postSolution
		{7F6AC9D0-B049-4B81-AB72-E79E0AE29405}.Debug|Any CPU.ActiveCfg = Debug|Any CPU
		{7F6AC9D0-B049-4B81-AB72-E79E0AE29405}.Debug|Any CPU.Build.0 = Debug|Any CPU
		{7F6AC9D0-B049-4B81-AB72-E79E0AE29405}.Release|Any CPU.ActiveCfg = Release|Any CPU
		{7F6AC9D0-B049-4B81-AB72-E79E0AE29405}.Release|Any CPU.Build.0 = Release|Any CPU
		{DDB529F1-7C9F-411A-A9AD-FD9E14D0CE68}.Debug|Any CPU.ActiveCfg = Debug|Any CPU
		{DDB529F1-7C9F-411A-A9AD-FD9E14D0CE68}.Debug|Any CPU.Build.0 = Debug|Any CPU
		{DDB529F1-7C9F-411A-A9AD-FD9E14D0CE68}.Debug|Any CPU.Deploy.0 = Debug|Any CPU
		{DDB529F1-7C9F-411A-A9AD-FD9E14D0CE68}.Release|Any CPU.ActiveCfg = Release|Any CPU
		{DDB529F1-7C9F-411A-A9AD-FD9E14D0CE68}.Release|Any CPU.Build.0 = Release|Any CPU
		{DDB529F1-7C9F-411A-A9AD-FD9E14D0CE68}.Release|Any CPU.Deploy.0 = Release|Any CPU
	EndGlobalSection
	GlobalSection(SolutionProperties) = preSolution
		HideSolutionNode = FALSE
	EndGlobalSection
	GlobalSection(ExtensibilityGlobals) = postSolution
		SolutionGuid = {E09BF1CD-464E-4050-A69A-6E8354F38747}
	EndGlobalSection
EndGlobal
